
Microsoft Visual Studio Solution File, Format Version 12.00
# Visual Studio Version 17
VisualStudioVersion = 17.3.32922.545
MinimumVisualStudioVersion = 10.0.40219.1
Project("{FAE04EC0-301F-11D3-BF4B-00C04F79EFBC}") = "triangle", "triangle.csproj", "{039046DD-20B8-4ED8-B1E2-7CDA192F6999}"
EndProject
Global
	GlobalSection(SolutionConfigurationPlatforms) = preSolution
		Debug|Any CPU = Debug|Any CPU
		Release|Any CPU = Release|Any CPU
	EndGlobalSection
	GlobalSection(ProjectConfigurationPlatforms) = postSolution
		{039046DD-20B8-4ED8-B1E2-7CDA192F6999}.Debug|Any CPU.ActiveCfg = Debug|Any CPU
		{039046DD-20B8-4ED8-B1E2-7CDA192F6999}.Debug|Any CPU.Build.0 = Debug|Any CPU
		{039046DD-20B8-4ED8-B1E2-7CDA192F6999}.Release|Any CPU.ActiveCfg = Release|Any CPU
		{039046DD-20B8-4ED8-B1E2-7CDA192F6999}.Release|Any CPU.Build.0 = Release|Any CPU
	EndGlobalSection
	GlobalSection(SolutionProperties) = preSolution
		HideSolutionNode = FALSE
	EndGlobalSection
	GlobalSection(ExtensibilityGlobals) = postSolution
		SolutionGuid = {91C75B44-7A2C-45BF-8DC9-088E9C49108B}
	EndGlobalSection
EndGlobal
